
Microsoft Visual Studio Solution File, Format Version 12.00
# Visual Studio Version 16
VisualStudioVersion = 16.0.29613.14
MinimumVisualStudioVersion = 10.0.40219.1
Project("{FAE04EC0-301F-11D3-BF4B-00C04F79EFBC}") = "SampleApp.UWP", "SampleApp\SampleApp.UWP\SampleApp.UWP.csproj", "{36E2FBF2-01B2-4509-820E-C2EE8695062F}"
EndProject
Project("{FAE04EC0-301F-11D3-BF4B-00C04F79EFBC}") = "SampleApp.Android", "SampleApp\SampleApp.Android\SampleApp.Android.csproj", "{6CB3F9D4-CE9F-4628-996F-68C33C531339}"
EndProject
Project("{FAE04EC0-301F-11D3-BF4B-00C04F79EFBC}") = "SampleApp.iOS", "SampleApp\SampleApp.iOS\SampleApp.iOS.csproj", "{1A9DEE11-BCF5-492B-8C6D-CC99A79A7A8E}"
EndProject
Project("{FAE04EC0-301F-11D3-BF4B-00C04F79EFBC}") = "SampleApp", "SampleApp\SampleApp\SampleApp.csproj", "{E4D3D58A-F62C-4B5E-B028-C0DF5AAE4103}"
EndProject
Project("{FAE04EC0-301F-11D3-BF4B-00C04F79EFBC}") = "OC.Xamarin.Forms.ExpandableView", "OC.Xamarin.Forms.ExpandableView\OC.Xamarin.Forms.ExpandableView.csproj", "{F30F684A-EA03-4C0B-BCCA-17BB3B5E93FD}"
EndProject
Global
	GlobalSection(SolutionConfigurationPlatforms) = preSolution
		Debug|Any CPU = Debug|Any CPU
		Debug|ARM = Debug|ARM
		Debug|iPhone = Debug|iPhone
		Debug|iPhoneSimulator = Debug|iPhoneSimulator
		Debug|x64 = Debug|x64
		Debug|x86 = Debug|x86
		Release|Any CPU = Release|Any CPU
		Release|ARM = Release|ARM
		Release|iPhone = Release|iPhone
		Release|iPhoneSimulator = Release|iPhoneSimulator
		Release|x64 = Release|x64
		Release|x86 = Release|x86
	EndGlobalSection
	GlobalSection(ProjectConfigurationPlatforms) = postSolution
		{36E2FBF2-01B2-4509-820E-C2EE8695062F}.Debug|Any CPU.ActiveCfg = Debug|x86
		{36E2FBF2-01B2-4509-820E-C2EE8695062F}.Debug|Any CPU.Build.0 = Debug|x86
		{36E2FBF2-01B2-4509-820E-C2EE8695062F}.Debug|Any CPU.Deploy.0 = Debug|x86
		{36E2FBF2-01B2-4509-820E-C2EE8695062F}.Debug|ARM.ActiveCfg = Debug|ARM
		{36E2FBF2-01B2-4509-820E-C2EE8695062F}.Debug|ARM.Build.0 = Debug|ARM
		{36E2FBF2-01B2-4509-820E-C2EE8695062F}.Debug|ARM.Deploy.0 = Debug|ARM
		{36E2FBF2-01B2-4509-820E-C2EE8695062F}.Debug|iPhone.ActiveCfg = Debug|x86
		{36E2FBF2-01B2-4509-820E-C2EE8695062F}.Debug|iPhone.Build.0 = Debug|x86
		{36E2FBF2-01B2-4509-820E-C2EE8695062F}.Debug|iPhone.Deploy.0 = Debug|x86
		{36E2FBF2-01B2-4509-820E-C2EE8695062F}.Debug|iPhoneSimulator.ActiveCfg = Debug|x86
		{36E2FBF2-01B2-4509-820E-C2EE8695062F}.Debug|iPhoneSimulator.Build.0 = Debug|x86
		{36E2FBF2-01B2-4509-820E-C2EE8695062F}.Debug|iPhoneSimulator.Deploy.0 = Debug|x86
		{36E2FBF2-01B2-4509-820E-C2EE8695062F}.Debug|x64.ActiveCfg = Debug|x64
		{36E2FBF2-01B2-4509-820E-C2EE8695062F}.Debug|x64.Build.0 = Debug|x64
		{36E2FBF2-01B2-4509-820E-C2EE8695062F}.Debug|x64.Deploy.0 = Debug|x64
		{36E2FBF2-01B2-4509-820E-C2EE8695062F}.Debug|x86.ActiveCfg = Debug|x86
		{36E2FBF2-01B2-4509-820E-C2EE8695062F}.Debug|x86.Build.0 = Debug|x86
		{36E2FBF2-01B2-4509-820E-C2EE8695062F}.Debug|x86.Deploy.0 = Debug|x86
		{36E2FBF2-01B2-4509-820E-C2EE8695062F}.Release|Any CPU.ActiveCfg = Release|x86
		{36E2FBF2-01B2-4509-820E-C2EE8695062F}.Release|Any CPU.Build.0 = Release|x86
		{36E2FBF2-01B2-4509-820E-C2EE8695062F}.Release|Any CPU.Deploy.0 = Release|x86
		{36E2FBF2-01B2-4509-820E-C2EE8695062F}.Release|ARM.ActiveCfg = Release|ARM
		{36E2FBF2-01B2-4509-820E-C2EE8695062F}.Release|ARM.Build.0 = Release|ARM
		{36E2FBF2-01B2-4509-820E-C2EE8695062F}.Release|ARM.Deploy.0 = Release|ARM
		{36E2FBF2-01B2-4509-820E-C2EE8695062F}.Release|iPhone.ActiveCfg = Release|x86
		{36E2FBF2-01B2-4509-820E-C2EE8695062F}.Release|iPhone.Build.0 = Release|x86
		{36E2FBF2-01B2-4509-820E-C2EE8695062F}.Release|iPhone.Deploy.0 = Release|x86
		{36E2FBF2-01B2-4509-820E-C2EE8695062F}.Release|iPhoneSimulator.ActiveCfg = Release|x86
		{36E2FBF2-01B2-4509-820E-C2EE8695062F}.Release|iPhoneSimulator.Build.0 = Release|x86
		{36E2FBF2-01B2-4509-820E-C2EE8695062F}.Release|iPhoneSimulator.Deploy.0 = Release|x86
		{36E2FBF2-01B2-4509-820E-C2EE8695062F}.Release|x64.ActiveCfg = Release|x64
		{36E2FBF2-01B2-4509-820E-C2EE8695062F}.Release|x64.Build.0 = Release|x64
		{36E2FBF2-01B2-4509-820E-C2EE8695062F}.Release|x64.Deploy.0 = Release|x64
		{36E2FBF2-01B2-4509-820E-C2EE8695062F}.Release|x86.ActiveCfg = Release|x86
		{36E2FBF2-01B2-4509-820E-C2EE8695062F}.Release|x86.Build.0 = Release|x86
		{36E2FBF2-01B2-4509-820E-C2EE8695062F}.Release|x86.Deploy.0 = Release|x86
		{6CB3F9D4-CE9F-4628-996F-68C33C531339}.Debug|Any CPU.ActiveCfg = Debug|Any CPU
		{6CB3F9D4-CE9F-4628-996F-68C33C531339}.Debug|Any CPU.Build.0 = Debug|Any CPU
		{6CB3F9D4-CE9F-4628-996F-68C33C531339}.Debug|Any CPU.Deploy.0 = Debug|Any CPU
		{6CB3F9D4-CE9F-4628-996F-68C33C531339}.Debug|ARM.ActiveCfg = Debug|Any CPU
		{6CB3F9D4-CE9F-4628-996F-68C33C531339}.Debug|ARM.Build.0 = Debug|Any CPU
		{6CB3F9D4-CE9F-4628-996F-68C33C531339}.Debug|ARM.Deploy.0 = Debug|Any CPU
		{6CB3F9D4-CE9F-4628-996F-68C33C531339}.Debug|iPhone.ActiveCfg = Debug|Any CPU
		{6CB3F9D4-CE9F-4628-996F-68C33C531339}.Debug|iPhone.Build.0 = Debug|Any CPU
		{6CB3F9D4-CE9F-4628-996F-68C33C531339}.Debug|iPhone.Deploy.0 = Debug|Any CPU
		{6CB3F9D4-CE9F-4628-996F-68C33C531339}.Debug|iPhoneSimulator.ActiveCfg = Debug|Any CPU
		{6CB3F9D4-CE9F-4628-996F-68C33C531339}.Debug|iPhoneSimulator.Build.0 = Debug|Any CPU
		{6CB3F9D4-CE9F-4628-996F-68C33C531339}.Debug|iPhoneSimulator.Deploy.0 = Debug|Any CPU
		{6CB3F9D4-CE9F-4628-996F-68C33C531339}.Debug|x64.ActiveCfg = Debug|Any CPU
		{6CB3F9D4-CE9F-4628-996F-68C33C531339}.Debug|x64.Build.0 = Debug|Any CPU
		{6CB3F9D4-CE9F-4628-996F-68C33C531339}.Debug|x64.Deploy.0 = Debug|Any CPU
		{6CB3F9D4-CE9F-4628-996F-68C33C531339}.Debug|x86.ActiveCfg = Debug|Any CPU
		{6CB3F9D4-CE9F-4628-996F-68C33C531339}.Debug|x86.Build.0 = Debug|Any CPU
		{6CB3F9D4-CE9F-4628-996F-68C33C531339}.Debug|x86.Deploy.0 = Debug|Any CPU
		{6CB3F9D4-CE9F-4628-996F-68C33C531339}.Release|Any CPU.ActiveCfg = Release|Any CPU
		{6CB3F9D4-CE9F-4628-996F-68C33C531339}.Release|Any CPU.Build.0 = Release|Any CPU
		{6CB3F9D4-CE9F-4628-996F-68C33C531339}.Release|Any CPU.Deploy.0 = Release|Any CPU
		{6CB3F9D4-CE9F-4628-996F-68C33C531339}.Release|ARM.ActiveCfg = Release|Any CPU
		{6CB3F9D4-CE9F-4628-996F-68C33C531339}.Release|ARM.Build.0 = Release|Any CPU
		{6CB3F9D4-CE9F-4628-996F-68C33C531339}.Release|ARM.Deploy.0 = Release|Any CPU
		{6CB3F9D4-CE9F-4628-996F-68C33C531339}.Release|iPhone.ActiveCfg = Release|Any CPU
		{6CB3F9D4-CE9F-4628-996F-68C33C531339}.Release|iPhone.Build.0 = Release|Any CPU
		{6CB3F9D4-CE9F-4628-996F-68C33C531339}.Release|iPhone.Deploy.0 = Release|Any CPU
		{6CB3F9D4-CE9F-4628-996F-68C33C531339}.Release|iPhoneSimulator.ActiveCfg = Release|Any CPU
		{6CB3F9D4-CE9F-4628-996F-68C33C531339}.Release|iPhoneSimulator.Build.0 = Release|Any CPU
		{6CB3F9D4-CE9F-4628-996F-68C33C531339}.Release|iPhoneSimulator.Deploy.0 = Release|Any CPU
		{6CB3F9D4-CE9F-4628-996F-68C33C531339}.Release|x64.ActiveCfg = Release|Any CPU
		{6CB3F9D4-CE9F-4628-996F-68C33C531339}.Release|x64.Build.0 = Release|Any CPU
		{6CB3F9D4-CE9F-4628-996F-68C33C531339}.Release|x64.Deploy.0 = Release|Any CPU
		{6CB3F9D4-CE9F-4628-996F-68C33C531339}.Release|x86.ActiveCfg = Release|Any CPU
		{6CB3F9D4-CE9F-4628-996F-68C33C531339}.Release|x86.Build.0 = Release|Any CPU
		{6CB3F9D4-CE9F-4628-996F-68C33C531339}.Release|x86.Deploy.0 = Release|Any CPU
		{1A9DEE11-BCF5-492B-8C6D-CC99A79A7A8E}.Debug|Any CPU.ActiveCfg = Debug|iPhone
		{1A9DEE11-BCF5-492B-8C6D-CC99A79A7A8E}.Debug|Any CPU.Build.0 = Debug|iPhone
		{1A9DEE11-BCF5-492B-8C6D-CC99A79A7A8E}.Debug|Any CPU.Deploy.0 = Debug|iPhone
		{1A9DEE11-BCF5-492B-8C6D-CC99A79A7A8E}.Debug|ARM.ActiveCfg = Debug|iPhoneSimulator
		{1A9DEE11-BCF5-492B-8C6D-CC99A79A7A8E}.Debug|ARM.Build.0 = Debug|iPhoneSimulator
		{1A9DEE11-BCF5-492B-8C6D-CC99A79A7A8E}.Debug|ARM.Deploy.0 = Debug|iPhoneSimulator
		{1A9DEE11-BCF5-492B-8C6D-CC99A79A7A8E}.Debug|iPhone.ActiveCfg = Debug|iPhone
		{1A9DEE11-BCF5-492B-8C6D-CC99A79A7A8E}.Debug|iPhone.Build.0 = Debug|iPhone
		{1A9DEE11-BCF5-492B-8C6D-CC99A79A7A8E}.Debug|iPhone.Deploy.0 = Debug|iPhone
		{1A9DEE11-BCF5-492B-8C6D-CC99A79A7A8E}.Debug|iPhoneSimulator.ActiveCfg = Debug|iPhoneSimulator
		{1A9DEE11-BCF5-492B-8C6D-CC99A79A7A8E}.Debug|iPhoneSimulator.Build.0 = Debug|iPhoneSimulator
		{1A9DEE11-BCF5-492B-8C6D-CC99A79A7A8E}.Debug|iPhoneSimulator.Deploy.0 = Debug|iPhoneSimulator
		{1A9DEE11-BCF5-492B-8C6D-CC99A79A7A8E}.Debug|x64.ActiveCfg = Debug|iPhone
		{1A9DEE11-BCF5-492B-8C6D-CC99A79A7A8E}.Debug|x64.Build.0 = Debug|iPhone
		{1A9DEE11-BCF5-492B-8C6D-CC99A79A7A8E}.Debug|x64.Deploy.0 = Debug|iPhone
		{1A9DEE11-BCF5-492B-8C6D-CC99A79A7A8E}.Debug|x86.ActiveCfg = Debug|iPhone
		{1A9DEE11-BCF5-492B-8C6D-CC99A79A7A8E}.Debug|x86.Build.0 = Debug|iPhone
		{1A9DEE11-BCF5-492B-8C6D-CC99A79A7A8E}.Debug|x86.Deploy.0 = Debug|iPhone
		{1A9DEE11-BCF5-492B-8C6D-CC99A79A7A8E}.Release|Any CPU.ActiveCfg = Release|iPhone
		{1A9DEE11-BCF5-492B-8C6D-CC99A79A7A8E}.Release|Any CPU.Build.0 = Release|iPhone
		{1A9DEE11-BCF5-492B-8C6D-CC99A79A7A8E}.Release|Any CPU.Deploy.0 = Release|iPhone
		{1A9DEE11-BCF5-492B-8C6D-CC99A79A7A8E}.Release|ARM.ActiveCfg = Release|iPhone
		{1A9DEE11-BCF5-492B-8C6D-CC99A79A7A8E}.Release|ARM.Build.0 = Release|iPhone
		{1A9DEE11-BCF5-492B-8C6D-CC99A79A7A8E}.Release|ARM.Deploy.0 = Release|iPhone
		{1A9DEE11-BCF5-492B-8C6D-CC99A79A7A8E}.Release|iPhone.ActiveCfg = Release|iPhone
		{1A9DEE11-BCF5-492B-8C6D-CC99A79A7A8E}.Release|iPhone.Build.0 = Release|iPhone
		{1A9DEE11-BCF5-492B-8C6D-CC99A79A7A8E}.Release|iPhone.Deploy.0 = Release|iPhone
		{1A9DEE11-BCF5-492B-8C6D-CC99A79A7A8E}.Release|iPhoneSimulator.ActiveCfg = Release|iPhoneSimulator
		{1A9DEE11-BCF5-492B-8C6D-CC99A79A7A8E}.Release|iPhoneSimulator.Build.0 = Release|iPhoneSimulator
		{1A9DEE11-BCF5-492B-8C6D-CC99A79A7A8E}.Release|iPhoneSimulator.Deploy.0 = Release|iPhoneSimulator
		{1A9DEE11-BCF5-492B-8C6D-CC99A79A7A8E}.Release|x64.ActiveCfg = Release|iPhone
		{1A9DEE11-BCF5-492B-8C6D-CC99A79A7A8E}.Release|x64.Build.0 = Release|iPhone
		{1A9DEE11-BCF5-492B-8C6D-CC99A79A7A8E}.Release|x64.Deploy.0 = Release|iPhone
		{1A9DEE11-BCF5-492B-8C6D-CC99A79A7A8E}.Release|x86.ActiveCfg = Release|iPhone
		{1A9DEE11-BCF5-492B-8C6D-CC99A79A7A8E}.Release|x86.Build.0 = Release|iPhone
		{1A9DEE11-BCF5-492B-8C6D-CC99A79A7A8E}.Release|x86.Deploy.0 = Release|iPhone
		{E4D3D58A-F62C-4B5E-B028-C0DF5AAE4103}.Debug|Any CPU.ActiveCfg = Debug|Any CPU
		{E4D3D58A-F62C-4B5E-B028-C0DF5AAE4103}.Debug|Any CPU.Build.0 = Debug|Any CPU
		{E4D3D58A-F62C-4B5E-B028-C0DF5AAE4103}.Debug|Any CPU.Deploy.0 = Debug|Any CPU
		{E4D3D58A-F62C-4B5E-B028-C0DF5AAE4103}.Debug|ARM.ActiveCfg = Debug|Any CPU
		{E4D3D58A-F62C-4B5E-B028-C0DF5AAE4103}.Debug|ARM.Build.0 = Debug|Any CPU
		{E4D3D58A-F62C-4B5E-B028-C0DF5AAE4103}.Debug|ARM.Deploy.0 = Debug|Any CPU
		{E4D3D58A-F62C-4B5E-B028-C0DF5AAE4103}.Debug|iPhone.ActiveCfg = Debug|Any CPU
		{E4D3D58A-F62C-4B5E-B028-C0DF5AAE4103}.Debug|iPhone.Build.0 = Debug|Any CPU
		{E4D3D58A-F62C-4B5E-B028-C0DF5AAE4103}.Debug|iPhone.Deploy.0 = Debug|Any CPU
		{E4D3D58A-F62C-4B5E-B028-C0DF5AAE4103}.Debug|iPhoneSimulator.ActiveCfg = Debug|Any CPU
		{E4D3D58A-F62C-4B5E-B028-C0DF5AAE4103}.Debug|iPhoneSimulator.Build.0 = Debug|Any CPU
		{E4D3D58A-F62C-4B5E-B028-C0DF5AAE4103}.Debug|iPhoneSimulator.Deploy.0 = Debug|Any CPU
		{E4D3D58A-F62C-4B5E-B028-C0DF5AAE4103}.Debug|x64.ActiveCfg = Debug|Any CPU
		{E4D3D58A-F62C-4B5E-B028-C0DF5AAE4103}.Debug|x64.Build.0 = Debug|Any CPU
		{E4D3D58A-F62C-4B5E-B028-C0DF5AAE4103}.Debug|x64.Deploy.0 = Debug|Any CPU
		{E4D3D58A-F62C-4B5E-B028-C0DF5AAE4103}.Debug|x86.ActiveCfg = Debug|Any CPU
		{E4D3D58A-F62C-4B5E-B028-C0DF5AAE4103}.Debug|x86.Build.0 = Debug|Any CPU
		{E4D3D58A-F62C-4B5E-B028-C0DF5AAE4103}.Debug|x86.Deploy.0 = Debug|Any CPU
		{E4D3D58A-F62C-4B5E-B028-C0DF5AAE4103}.Release|Any CPU.ActiveCfg = Release|Any CPU
		{E4D3D58A-F62C-4B5E-B028-C0DF5AAE4103}.Release|Any CPU.Build.0 = Release|Any CPU
		{E4D3D58A-F62C-4B5E-B028-C0DF5AAE4103}.Release|Any CPU.Deploy.0 = Release|Any CPU
		{E4D3D58A-F62C-4B5E-B028-C0DF5AAE4103}.Release|ARM.ActiveCfg = Release|Any CPU
		{E4D3D58A-F62C-4B5E-B028-C0DF5AAE4103}.Release|ARM.Build.0 = Release|Any CPU
		{E4D3D58A-F62C-4B5E-B028-C0DF5AAE4103}.Release|ARM.Deploy.0 = Release|Any CPU
		{E4D3D58A-F62C-4B5E-B028-C0DF5AAE4103}.Release|iPhone.ActiveCfg = Release|Any CPU
		{E4D3D58A-F62C-4B5E-B028-C0DF5AAE4103}.Release|iPhone.Build.0 = Release|Any CPU
		{E4D3D58A-F62C-4B5E-B028-C0DF5AAE4103}.Release|iPhone.Deploy.0 = Release|Any CPU
		{E4D3D58A-F62C-4B5E-B028-C0DF5AAE4103}.Release|iPhoneSimulator.ActiveCfg = Release|Any CPU
		{E4D3D58A-F62C-4B5E-B028-C0DF5AAE4103}.Release|iPhoneSimulator.Build.0 = Release|Any CPU
		{E4D3D58A-F62C-4B5E-B028-C0DF5AAE4103}.Release|iPhoneSimulator.Deploy.0 = Release|Any CPU
		{E4D3D58A-F62C-4B5E-B028-C0DF5AAE4103}.Release|x64.ActiveCfg = Release|Any CPU
		{E4D3D58A-F62C-4B5E-B028-C0DF5AAE4103}.Release|x64.Build.0 = Release|Any CPU
		{E4D3D58A-F62C-4B5E-B028-C0DF5AAE4103}.Release|x64.Deploy.0 = Release|Any CPU
		{E4D3D58A-F62C-4B5E-B028-C0DF5AAE4103}.Release|x86.ActiveCfg = Release|Any CPU
		{E4D3D58A-F62C-4B5E-B028-C0DF5AAE4103}.Release|x86.Build.0 = Release|Any CPU
		{E4D3D58A-F62C-4B5E-B028-C0DF5AAE4103}.Release|x86.Deploy.0 = Release|Any CPU
		{F30F684A-EA03-4C0B-BCCA-17BB3B5E93FD}.Debug|Any CPU.ActiveCfg = Debug|Any CPU
		{F30F684A-EA03-4C0B-BCCA-17BB3B5E93FD}.Debug|Any CPU.Build.0 = Debug|Any CPU
		{F30F684A-EA03-4C0B-BCCA-17BB3B5E93FD}.Debug|ARM.ActiveCfg = Debug|Any CPU
		{F30F684A-EA03-4C0B-BCCA-17BB3B5E93FD}.Debug|ARM.Build.0 = Debug|Any CPU
		{F30F684A-EA03-4C0B-BCCA-17BB3B5E93FD}.Debug|iPhone.ActiveCfg = Debug|Any CPU
		{F30F684A-EA03-4C0B-BCCA-17BB3B5E93FD}.Debug|iPhone.Build.0 = Debug|Any CPU
		{F30F684A-EA03-4C0B-BCCA-17BB3B5E93FD}.Debug|iPhoneSimulator.ActiveCfg = Debug|Any CPU
		{F30F684A-EA03-4C0B-BCCA-17BB3B5E93FD}.Debug|iPhoneSimulator.Build.0 = Debug|Any CPU
		{F30F684A-EA03-4C0B-BCCA-17BB3B5E93FD}.Debug|x64.ActiveCfg = Debug|Any CPU
		{F30F684A-EA03-4C0B-BCCA-17BB3B5E93FD}.Debug|x64.Build.0 = Debug|Any CPU
		{F30F684A-EA03-4C0B-BCCA-17BB3B5E93FD}.Debug|x86.ActiveCfg = Debug|Any CPU
		{F30F684A-EA03-4C0B-BCCA-17BB3B5E93FD}.Debug|x86.Build.0 = Debug|Any CPU
		{F30F684A-EA03-4C0B-BCCA-17BB3B5E93FD}.Release|Any CPU.ActiveCfg = Release|Any CPU
		{F30F684A-EA03-4C0B-BCCA-17BB3B5E93FD}.Release|Any CPU.Build.0 = Release|Any CPU
		{F30F684A-EA03-4C0B-BCCA-17BB3B5E93FD}.Release|ARM.ActiveCfg = Release|Any CPU
		{F30F684A-EA03-4C0B-BCCA-17BB3B5E93FD}.Release|ARM.Build.0 = Release|Any CPU
		{F30F684A-EA03-4C0B-BCCA-17BB3B5E93FD}.Release|iPhone.ActiveCfg = Release|Any CPU
		{F30F684A-EA03-4C0B-BCCA-17BB3B5E93FD}.Release|iPhone.Build.0 = Release|Any CPU
		{F30F684A-EA03-4C0B-BCCA-17BB3B5E93FD}.Release|iPhoneSimulator.ActiveCfg = Release|Any CPU
		{F30F684A-EA03-4C0B-BCCA-17BB3B5E93FD}.Release|iPhoneSimulator.Build.0 = Release|Any CPU
		{F30F684A-EA03-4C0B-BCCA-17BB3B5E93FD}.Release|x64.ActiveCfg = Release|Any CPU
		{F30F684A-EA03-4C0B-BCCA-17BB3B5E93FD}.Release|x64.Build.0 = Release|Any CPU
		{F30F684A-EA03-4C0B-BCCA-17BB3B5E93FD}.Release|x86.ActiveCfg = Release|Any CPU
		{F30F684A-EA03-4C0B-BCCA-17BB3B5E93FD}.Release|x86.Build.0 = Release|Any CPU
	EndGlobalSection
	GlobalSection(SolutionProperties) = preSolution
		HideSolutionNode = FALSE
	EndGlobalSection
	GlobalSection(ExtensibilityGlobals) = postSolution
		SolutionGuid = {6718795D-4499-4EEF-B49C-4369611FD3AA}
	EndGlobalSection
EndGlobal
